
Microsoft Visual Studio Solution File, Format Version 12.00
# Visual Studio 15
VisualStudioVersion = 15.0.27130.2036
MinimumVisualStudioVersion = 10.0.40219.1
Project("{FAE04EC0-301F-11D3-BF4B-00C04F79EFBC}") = "Pluto", "Pluto\Pluto.csproj", "{9EF2D0EA-FBF2-4C2E-B95D-BD7966DDBABF}"
EndProject
Global
	GlobalSection(SolutionConfigurationPlatforms) = preSolution
		Debug|Any CPU = Debug|Any CPU
		Release|Any CPU = Release|Any CPU
	EndGlobalSection
	GlobalSection(ProjectConfigurationPlatforms) = postSolution
		{9EF2D0EA-FBF2-4C2E-B95D-BD7966DDBABF}.Debug|Any CPU.ActiveCfg = Debug|Any CPU
		{9EF2D0EA-FBF2-4C2E-B95D-BD7966DDBABF}.Debug|Any CPU.Build.0 = Debug|Any CPU
		{9EF2D0EA-FBF2-4C2E-B95D-BD7966DDBABF}.Release|Any CPU.ActiveCfg = Release|Any CPU
		{9EF2D0EA-FBF2-4C2E-B95D-BD7966DDBABF}.Release|Any CPU.Build.0 = Release|Any CPU
	EndGlobalSection
	GlobalSection(SolutionProperties) = preSolution
		HideSolutionNode = FALSE
	EndGlobalSection
	GlobalSection(ExtensibilityGlobals) = postSolution
		SolutionGuid = {7A267583-47DE-41C8-A902-601E44D2C5DF}
	EndGlobalSection
EndGlobal
